
Microsoft Visual Studio Solution File, Format Version 12.00
# Visual Studio Version 16
VisualStudioVersion = 16.0.30907.101
MinimumVisualStudioVersion = 10.0.40219.1
Project("{888888A0-9F3D-457C-B088-3A5042F75D52}") = "Chapter01", "Chapter01\Chapter01.pyproj", "{695686D4-1DF5-4119-80A0-5622FFADEEB7}"
EndProject
Project("{888888A0-9F3D-457C-B088-3A5042F75D52}") = "Chapter02", "Chapter02\Chapter02.pyproj", "{BF067AB9-AB7F-42F7-9A08-439985870841}"
EndProject
Project("{888888A0-9F3D-457C-B088-3A5042F75D52}") = "Chapter03", "Chapter03\Chapter03.pyproj", "{3E7C1BC7-EA63-4041-8C65-C381DEE8805D}"
EndProject
Project("{888888A0-9F3D-457C-B088-3A5042F75D52}") = "Chapter04", "Chapter04\Chapter04.pyproj", "{EDF00E20-7AAA-4DD1-B479-EE5644EFD08D}"
EndProject
Project("{888888A0-9F3D-457C-B088-3A5042F75D52}") = "Chapter05", "Chapter05\Chapter05.pyproj", "{6A43B7F3-8B96-49F5-82F0-1458EA2DE9EE}"
EndProject
Global
	GlobalSection(SolutionConfigurationPlatforms) = preSolution
		Debug|Any CPU = Debug|Any CPU
		Release|Any CPU = Release|Any CPU
	EndGlobalSection
	GlobalSection(ProjectConfigurationPlatforms) = postSolution
		{695686D4-1DF5-4119-80A0-5622FFADEEB7}.Debug|Any CPU.ActiveCfg = Debug|Any CPU
		{695686D4-1DF5-4119-80A0-5622FFADEEB7}.Release|Any CPU.ActiveCfg = Release|Any CPU
		{BF067AB9-AB7F-42F7-9A08-439985870841}.Debug|Any CPU.ActiveCfg = Debug|Any CPU
		{BF067AB9-AB7F-42F7-9A08-439985870841}.Release|Any CPU.ActiveCfg = Release|Any CPU
		{3E7C1BC7-EA63-4041-8C65-C381DEE8805D}.Debug|Any CPU.ActiveCfg = Debug|Any CPU
		{3E7C1BC7-EA63-4041-8C65-C381DEE8805D}.Release|Any CPU.ActiveCfg = Release|Any CPU
		{EDF00E20-7AAA-4DD1-B479-EE5644EFD08D}.Debug|Any CPU.ActiveCfg = Debug|Any CPU
		{EDF00E20-7AAA-4DD1-B479-EE5644EFD08D}.Release|Any CPU.ActiveCfg = Release|Any CPU
		{6A43B7F3-8B96-49F5-82F0-1458EA2DE9EE}.Debug|Any CPU.ActiveCfg = Debug|Any CPU
		{6A43B7F3-8B96-49F5-82F0-1458EA2DE9EE}.Release|Any CPU.ActiveCfg = Release|Any CPU
	EndGlobalSection
	GlobalSection(SolutionProperties) = preSolution
		HideSolutionNode = FALSE
	EndGlobalSection
	GlobalSection(ExtensibilityGlobals) = postSolution
		SolutionGuid = {3367D26B-9F23-4AA9-BC85-868957A52374}
	EndGlobalSection
EndGlobal
