
Microsoft Visual Studio Solution File, Format Version 12.00
# Visual Studio Version 16
VisualStudioVersion = 16.0.30907.101
MinimumVisualStudioVersion = 10.0.40219.1
Project("{888888A0-9F3D-457C-B088-3A5042F75D52}") = "Chapter01", "Chapter01\Chapter01.pyproj", "{695686D4-1DF5-4119-80A0-5622FFADEEB7}"
EndProject
Project("{888888A0-9F3D-457C-B088-3A5042F75D52}") = "Chapter02", "Chapter02\Chapter02.pyproj", "{BF067AB9-AB7F-42F7-9A08-439985870841}"
EndProject
Global
	GlobalSection(SolutionConfigurationPlatforms) = preSolution
		Debug|Any CPU = Debug|Any CPU
		Release|Any CPU = Release|Any CPU
	EndGlobalSection
	GlobalSection(ProjectConfigurationPlatforms) = postSolution
		{695686D4-1DF5-4119-80A0-5622FFADEEB7}.Debug|Any CPU.ActiveCfg = Debug|Any CPU
		{695686D4-1DF5-4119-80A0-5622FFADEEB7}.Release|Any CPU.ActiveCfg = Release|Any CPU
		{BF067AB9-AB7F-42F7-9A08-439985870841}.Debug|Any CPU.ActiveCfg = Debug|Any CPU
		{BF067AB9-AB7F-42F7-9A08-439985870841}.Release|Any CPU.ActiveCfg = Release|Any CPU
	EndGlobalSection
	GlobalSection(SolutionProperties) = preSolution
		HideSolutionNode = FALSE
	EndGlobalSection
	GlobalSection(ExtensibilityGlobals) = postSolution
		SolutionGuid = {3367D26B-9F23-4AA9-BC85-868957A52374}
	EndGlobalSection
EndGlobal
